
Microsoft Visual Studio Solution File, Format Version 12.00
# Visual Studio 15
VisualStudioVersion = 15.0.26730.12
MinimumVisualStudioVersion = 10.0.40219.1
Project("{FAE04EC0-301F-11D3-BF4B-00C04F79EFBC}") = "Formulier", "Formulier\Formulier.csproj", "{43283786-3C77-4405-823E-8FF7B1754628}"
EndProject
Global
	GlobalSection(SolutionConfigurationPlatforms) = preSolution
		Debug|Any CPU = Debug|Any CPU
		Release|Any CPU = Release|Any CPU
	EndGlobalSection
	GlobalSection(ProjectConfigurationPlatforms) = postSolution
		{43283786-3C77-4405-823E-8FF7B1754628}.Debug|Any CPU.ActiveCfg = Debug|Any CPU
		{43283786-3C77-4405-823E-8FF7B1754628}.Debug|Any CPU.Build.0 = Debug|Any CPU
		{43283786-3C77-4405-823E-8FF7B1754628}.Release|Any CPU.ActiveCfg = Release|Any CPU
		{43283786-3C77-4405-823E-8FF7B1754628}.Release|Any CPU.Build.0 = Release|Any CPU
	EndGlobalSection
	GlobalSection(SolutionProperties) = preSolution
		HideSolutionNode = FALSE
	EndGlobalSection
	GlobalSection(ExtensibilityGlobals) = postSolution
		SolutionGuid = {2E1A809A-46EE-4E25-B47D-4FBBD0FBF0A0}
	EndGlobalSection
EndGlobal
